
Microsoft Visual Studio Solution File, Format Version 12.00
# Visual Studio Version 17
VisualStudioVersion = 17.7.34221.43
MinimumVisualStudioVersion = 10.0.40219.1
Project("{FAE04EC0-301F-11D3-BF4B-00C04F79EFBC}") = "WinFormsAppAPI_TEST", "WinFormsAppAPI_TEST.csproj", "{7965A32D-0B09-4218-B676-8D771B14E50E}"
EndProject
Global
	GlobalSection(SolutionConfigurationPlatforms) = preSolution
		Debug|Any CPU = Debug|Any CPU
		Release|Any CPU = Release|Any CPU
	EndGlobalSection
	GlobalSection(ProjectConfigurationPlatforms) = postSolution
		{7965A32D-0B09-4218-B676-8D771B14E50E}.Debug|Any CPU.ActiveCfg = Debug|Any CPU
		{7965A32D-0B09-4218-B676-8D771B14E50E}.Debug|Any CPU.Build.0 = Debug|Any CPU
		{7965A32D-0B09-4218-B676-8D771B14E50E}.Release|Any CPU.ActiveCfg = Release|Any CPU
		{7965A32D-0B09-4218-B676-8D771B14E50E}.Release|Any CPU.Build.0 = Release|Any CPU
	EndGlobalSection
	GlobalSection(SolutionProperties) = preSolution
		HideSolutionNode = FALSE
	EndGlobalSection
	GlobalSection(ExtensibilityGlobals) = postSolution
		SolutionGuid = {461EC8C8-3845-4555-942B-3C2DA9BB0CF7}
	EndGlobalSection
EndGlobal
