
Microsoft Visual Studio Solution File, Format Version 12.00
# Visual Studio Version 17
VisualStudioVersion = 17.7.34221.43
MinimumVisualStudioVersion = 10.0.40219.1
Project("{FAE04EC0-301F-11D3-BF4B-00C04F79EFBC}") = "hospital_data_update_App", "hospital_data_update_App.csproj", "{8C24B75E-E22F-4F82-84E4-C1A6A01C284D}"
EndProject
Global
	GlobalSection(SolutionConfigurationPlatforms) = preSolution
		Debug|Any CPU = Debug|Any CPU
		Release|Any CPU = Release|Any CPU
	EndGlobalSection
	GlobalSection(ProjectConfigurationPlatforms) = postSolution
		{8C24B75E-E22F-4F82-84E4-C1A6A01C284D}.Debug|Any CPU.ActiveCfg = Debug|Any CPU
		{8C24B75E-E22F-4F82-84E4-C1A6A01C284D}.Debug|Any CPU.Build.0 = Debug|Any CPU
		{8C24B75E-E22F-4F82-84E4-C1A6A01C284D}.Release|Any CPU.ActiveCfg = Release|Any CPU
		{8C24B75E-E22F-4F82-84E4-C1A6A01C284D}.Release|Any CPU.Build.0 = Release|Any CPU
	EndGlobalSection
	GlobalSection(SolutionProperties) = preSolution
		HideSolutionNode = FALSE
	EndGlobalSection
	GlobalSection(ExtensibilityGlobals) = postSolution
		SolutionGuid = {EDA60771-34C5-4D20-8702-9C42870CB8CC}
	EndGlobalSection
EndGlobal
